
Microsoft Visual Studio Solution File, Format Version 11.00
# Visual Studio 2010
Project("{8BC9CEB8-8B4A-11D0-8D11-00A0C91BC942}") = "GeneticAlgorithm-Simple", "GeneticAlgorithm-Simple\GeneticAlgorithm-Simple.vcxproj", "{598CE43B-0AAA-46F0-A6C8-FD7D16522C98}"
EndProject
Global
	GlobalSection(SolutionConfigurationPlatforms) = preSolution
		Debug|Win32 = Debug|Win32
		Release|Win32 = Release|Win32
	EndGlobalSection
	GlobalSection(ProjectConfigurationPlatforms) = postSolution
		{598CE43B-0AAA-46F0-A6C8-FD7D16522C98}.Debug|Win32.ActiveCfg = Debug|Win32
		{598CE43B-0AAA-46F0-A6C8-FD7D16522C98}.Debug|Win32.Build.0 = Debug|Win32
		{598CE43B-0AAA-46F0-A6C8-FD7D16522C98}.Release|Win32.ActiveCfg = Release|Win32
		{598CE43B-0AAA-46F0-A6C8-FD7D16522C98}.Release|Win32.Build.0 = Release|Win32
	EndGlobalSection
	GlobalSection(SolutionProperties) = preSolution
		HideSolutionNode = FALSE
	EndGlobalSection
EndGlobal
